
Microsoft Visual Studio Solution File, Format Version 12.00
# Visual Studio 15
VisualStudioVersion = 15.0.26430.16
MinimumVisualStudioVersion = 10.0.40219.1
Project("{FAE04EC0-301F-11D3-BF4B-00C04F79EFBC}") = "WebApiDemo", "WebApiDemo\WebApiDemo.csproj", "{6E63357A-21F1-4A48-9261-9A03BE49BFB8}"
EndProject
Project("{FAE04EC0-301F-11D3-BF4B-00C04F79EFBC}") = "AJAXClientApp", "AJAXClientApp\AJAXClientApp.csproj", "{A9CB5945-328E-4457-AAC7-3BD915C78720}"
EndProject
Global
	GlobalSection(SolutionConfigurationPlatforms) = preSolution
		Debug|Any CPU = Debug|Any CPU
		Release|Any CPU = Release|Any CPU
	EndGlobalSection
	GlobalSection(ProjectConfigurationPlatforms) = postSolution
		{6E63357A-21F1-4A48-9261-9A03BE49BFB8}.Debug|Any CPU.ActiveCfg = Debug|Any CPU
		{6E63357A-21F1-4A48-9261-9A03BE49BFB8}.Debug|Any CPU.Build.0 = Debug|Any CPU
		{6E63357A-21F1-4A48-9261-9A03BE49BFB8}.Release|Any CPU.ActiveCfg = Release|Any CPU
		{6E63357A-21F1-4A48-9261-9A03BE49BFB8}.Release|Any CPU.Build.0 = Release|Any CPU
		{A9CB5945-328E-4457-AAC7-3BD915C78720}.Debug|Any CPU.ActiveCfg = Debug|Any CPU
		{A9CB5945-328E-4457-AAC7-3BD915C78720}.Debug|Any CPU.Build.0 = Debug|Any CPU
		{A9CB5945-328E-4457-AAC7-3BD915C78720}.Release|Any CPU.ActiveCfg = Release|Any CPU
		{A9CB5945-328E-4457-AAC7-3BD915C78720}.Release|Any CPU.Build.0 = Release|Any CPU
	EndGlobalSection
	GlobalSection(SolutionProperties) = preSolution
		HideSolutionNode = FALSE
	EndGlobalSection
	GlobalSection(ExtensibilityGlobals) = postSolution
		SolutionGuid = {E183E203-EF45-454C-A220-D9B50575A44E}
	EndGlobalSection
EndGlobal
